
Microsoft Visual Studio Solution File, Format Version 12.00
Project("{FAE04EC0-301F-11D3-BF4B-00C04F79EFBC}") = "L01_HejVärlden", "L01_HejVärlden\L01_HejVärlden.csproj", "{23165872-6746-4815-8696-8B0C8CEAF9EB}"
EndProject
Project("{FAE04EC0-301F-11D3-BF4B-00C04F79EFBC}") = "Övning2.1", "Övning2.1\Övning2.1.csproj", "{F482B442-9D62-4826-AEC6-0E3189A3C5E9}"
EndProject
Project("{FAE04EC0-301F-11D3-BF4B-00C04F79EFBC}") = "Övning2.2", "Övning2.2\Övning2.2.csproj", "{3DE93F26-6646-4DD9-AFAD-7F17DCB9CB19}"
EndProject
Project("{FAE04EC0-301F-11D3-BF4B-00C04F79EFBC}") = "Övning2.3", "Övning2.3\Övning2.3.csproj", "{BC6E38B3-64C5-4B5C-B2DD-B26EF61D1CFF}"
EndProject
Project("{FAE04EC0-301F-11D3-BF4B-00C04F79EFBC}") = "Övning2.4", "Övning2.4\Övning2.4.csproj", "{3849B9E7-F9FE-4878-96B5-C59837A87352}"
EndProject
Project("{FAE04EC0-301F-11D3-BF4B-00C04F79EFBC}") = "Övning2.5", "Övning2.5\Övning2.5.csproj", "{4B8F5025-180C-4F25-9CAB-11547AC1C211}"
EndProject
Project("{FAE04EC0-301F-11D3-BF4B-00C04F79EFBC}") = "Övning2.6", "Övning2.6\Övning2.6.csproj", "{2F591160-08E5-4A12-9DF1-5D4D5831A9FD}"
EndProject
Project("{FAE04EC0-301F-11D3-BF4B-00C04F79EFBC}") = "Övning2.7", "Övning2.7\Övning2.7.csproj", "{6935BFA7-CACF-43E3-9303-C3EE2F879E89}"
EndProject
Project("{FAE04EC0-301F-11D3-BF4B-00C04F79EFBC}") = "L02_ifsatser", "L02_ifsatser\L02_ifsatser.csproj", "{9F1A867B-C0A8-4213-B786-5A922E22F7CF}"
EndProject
Project("{FAE04EC0-301F-11D3-BF4B-00C04F79EFBC}") = "L03_excercise", "L03_excercise\L03_excercise.csproj", "{5261F17C-46D9-4D78-AECB-FBA5547F56C5}"
EndProject
Project("{FAE04EC0-301F-11D3-BF4B-00C04F79EFBC}") = "L04_Recursion", "L04_Recursion\L04_Recursion.csproj", "{006106BA-075A-4935-9743-891674999EA3}"
EndProject
Project("{FAE04EC0-301F-11D3-BF4B-00C04F79EFBC}") = "bob_tabor", "bob_tabor\bob_tabor.csproj", "{559F4165-2565-47B7-B868-04DAA7D5AE42}"
EndProject
Project("{FAE04EC0-301F-11D3-BF4B-00C04F79EFBC}") = "Test3", "Test3\Test3.csproj", "{36524A32-ECF1-404A-9140-2E5989BB5B23}"
EndProject
Project("{FAE04EC0-301F-11D3-BF4B-00C04F79EFBC}") = "hangmanUtkast", "hangmanUtkast\hangmanUtkast.csproj", "{EA6272BE-74E6-4AB2-8E47-2223FC7BCE61}"
EndProject
Project("{FAE04EC0-301F-11D3-BF4B-00C04F79EFBC}") = "Hangman2", "Hangman2\Hangman2.csproj", "{C2F926D8-EAC4-4214-9BC9-C4AA94190A61}"
EndProject
Global
	GlobalSection(SolutionConfigurationPlatforms) = preSolution
		Debug|Any CPU = Debug|Any CPU
		Release|Any CPU = Release|Any CPU
	EndGlobalSection
	GlobalSection(ProjectConfigurationPlatforms) = postSolution
		{23165872-6746-4815-8696-8B0C8CEAF9EB}.Debug|Any CPU.ActiveCfg = Debug|Any CPU
		{23165872-6746-4815-8696-8B0C8CEAF9EB}.Debug|Any CPU.Build.0 = Debug|Any CPU
		{23165872-6746-4815-8696-8B0C8CEAF9EB}.Release|Any CPU.ActiveCfg = Release|Any CPU
		{23165872-6746-4815-8696-8B0C8CEAF9EB}.Release|Any CPU.Build.0 = Release|Any CPU
		{F482B442-9D62-4826-AEC6-0E3189A3C5E9}.Debug|Any CPU.ActiveCfg = Debug|Any CPU
		{F482B442-9D62-4826-AEC6-0E3189A3C5E9}.Debug|Any CPU.Build.0 = Debug|Any CPU
		{F482B442-9D62-4826-AEC6-0E3189A3C5E9}.Release|Any CPU.ActiveCfg = Release|Any CPU
		{F482B442-9D62-4826-AEC6-0E3189A3C5E9}.Release|Any CPU.Build.0 = Release|Any CPU
		{3DE93F26-6646-4DD9-AFAD-7F17DCB9CB19}.Debug|Any CPU.ActiveCfg = Debug|Any CPU
		{3DE93F26-6646-4DD9-AFAD-7F17DCB9CB19}.Debug|Any CPU.Build.0 = Debug|Any CPU
		{3DE93F26-6646-4DD9-AFAD-7F17DCB9CB19}.Release|Any CPU.ActiveCfg = Release|Any CPU
		{3DE93F26-6646-4DD9-AFAD-7F17DCB9CB19}.Release|Any CPU.Build.0 = Release|Any CPU
		{BC6E38B3-64C5-4B5C-B2DD-B26EF61D1CFF}.Debug|Any CPU.ActiveCfg = Debug|Any CPU
		{BC6E38B3-64C5-4B5C-B2DD-B26EF61D1CFF}.Debug|Any CPU.Build.0 = Debug|Any CPU
		{BC6E38B3-64C5-4B5C-B2DD-B26EF61D1CFF}.Release|Any CPU.ActiveCfg = Release|Any CPU
		{BC6E38B3-64C5-4B5C-B2DD-B26EF61D1CFF}.Release|Any CPU.Build.0 = Release|Any CPU
		{3849B9E7-F9FE-4878-96B5-C59837A87352}.Debug|Any CPU.ActiveCfg = Debug|Any CPU
		{3849B9E7-F9FE-4878-96B5-C59837A87352}.Debug|Any CPU.Build.0 = Debug|Any CPU
		{3849B9E7-F9FE-4878-96B5-C59837A87352}.Release|Any CPU.ActiveCfg = Release|Any CPU
		{3849B9E7-F9FE-4878-96B5-C59837A87352}.Release|Any CPU.Build.0 = Release|Any CPU
		{4B8F5025-180C-4F25-9CAB-11547AC1C211}.Debug|Any CPU.ActiveCfg = Debug|Any CPU
		{4B8F5025-180C-4F25-9CAB-11547AC1C211}.Debug|Any CPU.Build.0 = Debug|Any CPU
		{4B8F5025-180C-4F25-9CAB-11547AC1C211}.Release|Any CPU.ActiveCfg = Release|Any CPU
		{4B8F5025-180C-4F25-9CAB-11547AC1C211}.Release|Any CPU.Build.0 = Release|Any CPU
		{2F591160-08E5-4A12-9DF1-5D4D5831A9FD}.Debug|Any CPU.ActiveCfg = Debug|Any CPU
		{2F591160-08E5-4A12-9DF1-5D4D5831A9FD}.Debug|Any CPU.Build.0 = Debug|Any CPU
		{2F591160-08E5-4A12-9DF1-5D4D5831A9FD}.Release|Any CPU.ActiveCfg = Release|Any CPU
		{2F591160-08E5-4A12-9DF1-5D4D5831A9FD}.Release|Any CPU.Build.0 = Release|Any CPU
		{6935BFA7-CACF-43E3-9303-C3EE2F879E89}.Debug|Any CPU.ActiveCfg = Debug|Any CPU
		{6935BFA7-CACF-43E3-9303-C3EE2F879E89}.Debug|Any CPU.Build.0 = Debug|Any CPU
		{6935BFA7-CACF-43E3-9303-C3EE2F879E89}.Release|Any CPU.ActiveCfg = Release|Any CPU
		{6935BFA7-CACF-43E3-9303-C3EE2F879E89}.Release|Any CPU.Build.0 = Release|Any CPU
		{9F1A867B-C0A8-4213-B786-5A922E22F7CF}.Debug|Any CPU.ActiveCfg = Debug|Any CPU
		{9F1A867B-C0A8-4213-B786-5A922E22F7CF}.Debug|Any CPU.Build.0 = Debug|Any CPU
		{9F1A867B-C0A8-4213-B786-5A922E22F7CF}.Release|Any CPU.ActiveCfg = Release|Any CPU
		{9F1A867B-C0A8-4213-B786-5A922E22F7CF}.Release|Any CPU.Build.0 = Release|Any CPU
		{5261F17C-46D9-4D78-AECB-FBA5547F56C5}.Debug|Any CPU.ActiveCfg = Debug|Any CPU
		{5261F17C-46D9-4D78-AECB-FBA5547F56C5}.Debug|Any CPU.Build.0 = Debug|Any CPU
		{5261F17C-46D9-4D78-AECB-FBA5547F56C5}.Release|Any CPU.ActiveCfg = Release|Any CPU
		{5261F17C-46D9-4D78-AECB-FBA5547F56C5}.Release|Any CPU.Build.0 = Release|Any CPU
		{006106BA-075A-4935-9743-891674999EA3}.Debug|Any CPU.ActiveCfg = Debug|Any CPU
		{006106BA-075A-4935-9743-891674999EA3}.Debug|Any CPU.Build.0 = Debug|Any CPU
		{006106BA-075A-4935-9743-891674999EA3}.Release|Any CPU.ActiveCfg = Release|Any CPU
		{006106BA-075A-4935-9743-891674999EA3}.Release|Any CPU.Build.0 = Release|Any CPU
		{559F4165-2565-47B7-B868-04DAA7D5AE42}.Debug|Any CPU.ActiveCfg = Debug|Any CPU
		{559F4165-2565-47B7-B868-04DAA7D5AE42}.Debug|Any CPU.Build.0 = Debug|Any CPU
		{559F4165-2565-47B7-B868-04DAA7D5AE42}.Release|Any CPU.ActiveCfg = Release|Any CPU
		{559F4165-2565-47B7-B868-04DAA7D5AE42}.Release|Any CPU.Build.0 = Release|Any CPU
		{36524A32-ECF1-404A-9140-2E5989BB5B23}.Debug|Any CPU.ActiveCfg = Debug|Any CPU
		{36524A32-ECF1-404A-9140-2E5989BB5B23}.Debug|Any CPU.Build.0 = Debug|Any CPU
		{36524A32-ECF1-404A-9140-2E5989BB5B23}.Release|Any CPU.ActiveCfg = Release|Any CPU
		{36524A32-ECF1-404A-9140-2E5989BB5B23}.Release|Any CPU.Build.0 = Release|Any CPU
		{EA6272BE-74E6-4AB2-8E47-2223FC7BCE61}.Debug|Any CPU.ActiveCfg = Debug|Any CPU
		{EA6272BE-74E6-4AB2-8E47-2223FC7BCE61}.Debug|Any CPU.Build.0 = Debug|Any CPU
		{EA6272BE-74E6-4AB2-8E47-2223FC7BCE61}.Release|Any CPU.ActiveCfg = Release|Any CPU
		{EA6272BE-74E6-4AB2-8E47-2223FC7BCE61}.Release|Any CPU.Build.0 = Release|Any CPU
		{C2F926D8-EAC4-4214-9BC9-C4AA94190A61}.Debug|Any CPU.ActiveCfg = Debug|Any CPU
		{C2F926D8-EAC4-4214-9BC9-C4AA94190A61}.Debug|Any CPU.Build.0 = Debug|Any CPU
		{C2F926D8-EAC4-4214-9BC9-C4AA94190A61}.Release|Any CPU.ActiveCfg = Release|Any CPU
		{C2F926D8-EAC4-4214-9BC9-C4AA94190A61}.Release|Any CPU.Build.0 = Release|Any CPU
	EndGlobalSection
EndGlobal
